
Microsoft Visual Studio Solution File, Format Version 12.00
# Visual Studio Version 17
VisualStudioVersion = 17.6.33815.320
MinimumVisualStudioVersion = 10.0.40219.1
Project("{FAE04EC0-301F-11D3-BF4B-00C04F79EFBC}") = "GamesWinFormsUI", "GamesWinFormsUI\GamesWinFormsUI.csproj", "{F862A13E-0587-4E3B-BA80-C1B882550E3A}"
EndProject
Global
	GlobalSection(SolutionConfigurationPlatforms) = preSolution
		Debug|Any CPU = Debug|Any CPU
		Release|Any CPU = Release|Any CPU
	EndGlobalSection
	GlobalSection(ProjectConfigurationPlatforms) = postSolution
		{F862A13E-0587-4E3B-BA80-C1B882550E3A}.Debug|Any CPU.ActiveCfg = Debug|Any CPU
		{F862A13E-0587-4E3B-BA80-C1B882550E3A}.Debug|Any CPU.Build.0 = Debug|Any CPU
		{F862A13E-0587-4E3B-BA80-C1B882550E3A}.Release|Any CPU.ActiveCfg = Release|Any CPU
		{F862A13E-0587-4E3B-BA80-C1B882550E3A}.Release|Any CPU.Build.0 = Release|Any CPU
	EndGlobalSection
	GlobalSection(SolutionProperties) = preSolution
		HideSolutionNode = FALSE
	EndGlobalSection
	GlobalSection(ExtensibilityGlobals) = postSolution
		SolutionGuid = {030D1317-7186-42C8-B908-148ACDB42F24}
	EndGlobalSection
EndGlobal
